
Microsoft Visual Studio Solution File, Format Version 12.00
# Visual Studio 15
VisualStudioVersion = 15.0.26730.8
MinimumVisualStudioVersion = 10.0.40219.1
Project("{FAE04EC0-301F-11D3-BF4B-00C04F79EFBC}") = "ShadowXEngine", "ShadowXEngine\ShadowXEngine.csproj", "{8BE6DE5B-397E-4F2E-90F0-48A4A007B84E}"
EndProject
Global
	GlobalSection(SolutionConfigurationPlatforms) = preSolution
		Debug|Any CPU = Debug|Any CPU
		Release|Any CPU = Release|Any CPU
	EndGlobalSection
	GlobalSection(ProjectConfigurationPlatforms) = postSolution
		{8BE6DE5B-397E-4F2E-90F0-48A4A007B84E}.Debug|Any CPU.ActiveCfg = Debug|Any CPU
		{8BE6DE5B-397E-4F2E-90F0-48A4A007B84E}.Debug|Any CPU.Build.0 = Debug|Any CPU
		{8BE6DE5B-397E-4F2E-90F0-48A4A007B84E}.Release|Any CPU.ActiveCfg = Release|Any CPU
		{8BE6DE5B-397E-4F2E-90F0-48A4A007B84E}.Release|Any CPU.Build.0 = Release|Any CPU
	EndGlobalSection
	GlobalSection(SolutionProperties) = preSolution
		HideSolutionNode = FALSE
	EndGlobalSection
	GlobalSection(ExtensibilityGlobals) = postSolution
		SolutionGuid = {B8F05B50-9F32-4F23-87B6-C66D9CF1AA2C}
	EndGlobalSection
EndGlobal
